
Microsoft Visual Studio Solution File, Format Version 12.00
# Visual Studio Version 16
VisualStudioVersion = 16.0.810.10
MinimumVisualStudioVersion = 10.0.40219.1
Project("{FAE04EC0-301F-11D3-BF4B-00C04F79EFBC}") = "ToDoListWithCocoa", "ToDoListWithCocoa\ToDoListWithCocoa.csproj", "{DDBAA60D-14F3-49DA-845A-AD9C01C2E216}"
EndProject
Global
	GlobalSection(SolutionConfigurationPlatforms) = preSolution
		Debug|Any CPU = Debug|Any CPU
		Release|Any CPU = Release|Any CPU
	EndGlobalSection
	GlobalSection(ProjectConfigurationPlatforms) = postSolution
		{DDBAA60D-14F3-49DA-845A-AD9C01C2E216}.Debug|Any CPU.ActiveCfg = Debug|Any CPU
		{DDBAA60D-14F3-49DA-845A-AD9C01C2E216}.Debug|Any CPU.Build.0 = Debug|Any CPU
		{DDBAA60D-14F3-49DA-845A-AD9C01C2E216}.Release|Any CPU.ActiveCfg = Release|Any CPU
		{DDBAA60D-14F3-49DA-845A-AD9C01C2E216}.Release|Any CPU.Build.0 = Release|Any CPU
	EndGlobalSection
	GlobalSection(SolutionProperties) = preSolution
		HideSolutionNode = FALSE
	EndGlobalSection
	GlobalSection(ExtensibilityGlobals) = postSolution
		SolutionGuid = {8768552B-54B4-4FDF-819D-2BDBFA265384}
	EndGlobalSection
EndGlobal
